// !$*UTF8*$!
{
	archiveVersion = 1;
	classes = {
	};
	objectVersion = 50;
	objects = {

/* Begin PBXBuildFile section */
		39ED66F026995DC600CDFC9B /* animationApp.swift in Sources */ = {isa = PBXBuildFile; fileRef = 39ED66EF26995DC600CDFC9B /* animationApp.swift */; };
		39ED66F226995DC600CDFC9B /* ContentView.swift in Sources */ = {isa = PBXBuildFile; fileRef = 39ED66F126995DC600CDFC9B /* ContentView.swift */; };
		39ED66F426995DC800CDFC9B /* Assets.xcassets in Resources */ = {isa = PBXBuildFile; fileRef = 39ED66F326995DC800CDFC9B /* Assets.xcassets */; };
		39ED66F726995DC800CDFC9B /* Preview Assets.xcassets in Resources */ = {isa = PBXBuildFile; fileRef = 39ED66F626995DC800CDFC9B /* Preview Assets.xcassets */; };
		39ED66FC26995DC800CDFC9B /* animation WatchKit App.app in Embed Watch Content */ = {isa = PBXBuildFile; fileRef = 39ED66FB26995DC800CDFC9B /* animation WatchKit App.app */; settings = {ATTRIBUTES = (RemoveHeadersOnCopy, ); }; };
		39ED670126995DC900CDFC9B /* Assets.xcassets in Resources */ = {isa = PBXBuildFile; fileRef = 39ED670026995DC900CDFC9B /* Assets.xcassets */; };
		39ED670826995DCA00CDFC9B /* animation WatchKit Extension.appex in Embed App Extensions */ = {isa = PBXBuildFile; fileRef = 39ED670726995DCA00CDFC9B /* animation WatchKit Extension.appex */; settings = {ATTRIBUTES = (RemoveHeadersOnCopy, ); }; };
		39ED670D26995DCA00CDFC9B /* animationApp.swift in Sources */ = {isa = PBXBuildFile; fileRef = 39ED670C26995DCA00CDFC9B /* animationApp.swift */; };
		39ED670F26995DCA00CDFC9B /* ContentView.swift in Sources */ = {isa = PBXBuildFile; fileRef = 39ED670E26995DCA00CDFC9B /* ContentView.swift */; };
		39ED671126995DCA00CDFC9B /* NotificationController.swift in Sources */ = {isa = PBXBuildFile; fileRef = 39ED671026995DCA00CDFC9B /* NotificationController.swift */; };
		39ED671326995DCA00CDFC9B /* NotificationView.swift in Sources */ = {isa = PBXBuildFile; fileRef = 39ED671226995DCA00CDFC9B /* NotificationView.swift */; };
		39ED671526995DCA00CDFC9B /* ComplicationController.swift in Sources */ = {isa = PBXBuildFile; fileRef = 39ED671426995DCA00CDFC9B /* ComplicationController.swift */; };
		39ED671726995DCB00CDFC9B /* Assets.xcassets in Resources */ = {isa = PBXBuildFile; fileRef = 39ED671626995DCB00CDFC9B /* Assets.xcassets */; };
		39ED671A26995DCB00CDFC9B /* Preview Assets.xcassets in Resources */ = {isa = PBXBuildFile; fileRef = 39ED671926995DCB00CDFC9B /* Preview Assets.xcassets */; };
/* End PBXBuildFile section */

/* Begin PBXContainerItemProxy section */
		39ED66FD26995DC800CDFC9B /* PBXContainerItemProxy */ = {
			isa = PBXContainerItemProxy;
			containerPortal = 39ED66E426995DC600CDFC9B /* Project object */;
			proxyType = 1;
			remoteGlobalIDString = 39ED66FA26995DC800CDFC9B;
			remoteInfo = "animation WatchKit App";
		};
		39ED670926995DCA00CDFC9B /* PBXContainerItemProxy */ = {
			isa = PBXContainerItemProxy;
			containerPortal = 39ED66E426995DC600CDFC9B /* Project object */;
			proxyType = 1;
			remoteGlobalIDString = 39ED670626995DCA00CDFC9B;
			remoteInfo = "animation WatchKit Extension";
		};
/* End PBXContainerItemProxy section */

/* Begin PBXCopyFilesBuildPhase section */
		39ED672226995DCB00CDFC9B /* Embed App Extensions */ = {
			isa = PBXCopyFilesBuildPhase;
			buildActionMask = 2147483647;
			dstPath = "";
			dstSubfolderSpec = 13;
			files = (
				39ED670826995DCA00CDFC9B /* animation WatchKit Extension.appex in Embed App Extensions */,
			);
			name = "Embed App Extensions";
			runOnlyForDeploymentPostprocessing = 0;
		};
		39ED672626995DCB00CDFC9B /* Embed Watch Content */ = {
			isa = PBXCopyFilesBuildPhase;
			buildActionMask = 2147483647;
			dstPath = "$(CONTENTS_FOLDER_PATH)/Watch";
			dstSubfolderSpec = 16;
			files = (
				39ED66FC26995DC800CDFC9B /* animation WatchKit App.app in Embed Watch Content */,
			);
			name = "Embed Watch Content";
			runOnlyForDeploymentPostprocessing = 0;
		};
/* End PBXCopyFilesBuildPhase section */

/* Begin PBXFileReference section */
		39ED66EC26995DC600CDFC9B /* animation.app */ = {isa = PBXFileReference; explicitFileType = wrapper.application; includeInIndex = 0; path = animation.app; sourceTree = BUILT_PRODUCTS_DIR; };
		39ED66EF26995DC600CDFC9B /* animationApp.swift */ = {isa = PBXFileReference; lastKnownFileType = sourcecode.swift; path = animationApp.swift; sourceTree = "<group>"; };
		39ED66F126995DC600CDFC9B /* ContentView.swift */ = {isa = PBXFileReference; lastKnownFileType = sourcecode.swift; path = ContentView.swift; sourceTree = "<group>"; };
		39ED66F326995DC800CDFC9B /* Assets.xcassets */ = {isa = PBXFileReference; lastKnownFileType = folder.assetcatalog; path = Assets.xcassets; sourceTree = "<group>"; };
		39ED66F626995DC800CDFC9B /* Preview Assets.xcassets */ = {isa = PBXFileReference; lastKnownFileType = folder.assetcatalog; path = "Preview Assets.xcassets"; sourceTree = "<group>"; };
		39ED66F826995DC800CDFC9B /* Info.plist */ = {isa = PBXFileReference; lastKnownFileType = text.plist.xml; path = Info.plist; sourceTree = "<group>"; };
		39ED66FB26995DC800CDFC9B /* animation WatchKit App.app */ = {isa = PBXFileReference; explicitFileType = wrapper.application; includeInIndex = 0; path = "animation WatchKit App.app"; sourceTree = BUILT_PRODUCTS_DIR; };
		39ED670026995DC900CDFC9B /* Assets.xcassets */ = {isa = PBXFileReference; lastKnownFileType = folder.assetcatalog; path = Assets.xcassets; sourceTree = "<group>"; };
		39ED670226995DC900CDFC9B /* Info.plist */ = {isa = PBXFileReference; lastKnownFileType = text.plist.xml; path = Info.plist; sourceTree = "<group>"; };
		39ED670726995DCA00CDFC9B /* animation WatchKit Extension.appex */ = {isa = PBXFileReference; explicitFileType = "wrapper.app-extension"; includeInIndex = 0; path = "animation WatchKit Extension.appex"; sourceTree = BUILT_PRODUCTS_DIR; };
		39ED670C26995DCA00CDFC9B /* animationApp.swift */ = {isa = PBXFileReference; lastKnownFileType = sourcecode.swift; path = animationApp.swift; sourceTree = "<group>"; };
		39ED670E26995DCA00CDFC9B /* ContentView.swift */ = {isa = PBXFileReference; lastKnownFileType = sourcecode.swift; path = ContentView.swift; sourceTree = "<group>"; };
		39ED671026995DCA00CDFC9B /* NotificationController.swift */ = {isa = PBXFileReference; lastKnownFileType = sourcecode.swift; path = NotificationController.swift; sourceTree = "<group>"; };
		39ED671226995DCA00CDFC9B /* NotificationView.swift */ = {isa = PBXFileReference; lastKnownFileType = sourcecode.swift; path = NotificationView.swift; sourceTree = "<group>"; };
		39ED671426995DCA00CDFC9B /* ComplicationController.swift */ = {isa = PBXFileReference; lastKnownFileType = sourcecode.swift; path = ComplicationController.swift; sourceTree = "<group>"; };
		39ED671626995DCB00CDFC9B /* Assets.xcassets */ = {isa = PBXFileReference; lastKnownFileType = folder.assetcatalog; path = Assets.xcassets; sourceTree = "<group>"; };
		39ED671926995DCB00CDFC9B /* Preview Assets.xcassets */ = {isa = PBXFileReference; lastKnownFileType = folder.assetcatalog; path = "Preview Assets.xcassets"; sourceTree = "<group>"; };
		39ED671B26995DCB00CDFC9B /* Info.plist */ = {isa = PBXFileReference; lastKnownFileType = text.plist.xml; path = Info.plist; sourceTree = "<group>"; };
		39ED671C26995DCB00CDFC9B /* PushNotificationPayload.apns */ = {isa = PBXFileReference; lastKnownFileType = text; path = PushNotificationPayload.apns; sourceTree = "<group>"; };
/* End PBXFileReference section */

/* Begin PBXFrameworksBuildPhase section */
		39ED66E926995DC600CDFC9B /* Frameworks */ = {
			isa = PBXFrameworksBuildPhase;
			buildActionMask = 2147483647;
			files = (
			);
			runOnlyForDeploymentPostprocessing = 0;
		};
		39ED670426995DCA00CDFC9B /* Frameworks */ = {
			isa = PBXFrameworksBuildPhase;
			buildActionMask = 2147483647;
			files = (
			);
			runOnlyForDeploymentPostprocessing = 0;
		};
/* End PBXFrameworksBuildPhase section */

/* Begin PBXGroup section */
		39ED66E326995DC600CDFC9B = {
			isa = PBXGroup;
			children = (
				39ED66EE26995DC600CDFC9B /* animation */,
				39ED66FF26995DC800CDFC9B /* animation WatchKit App */,
				39ED670B26995DCA00CDFC9B /* animation WatchKit Extension */,
				39ED66ED26995DC600CDFC9B /* Products */,
			);
			sourceTree = "<group>";
		};
		39ED66ED26995DC600CDFC9B /* Products */ = {
			isa = PBXGroup;
			children = (
				39ED66EC26995DC600CDFC9B /* animation.app */,
				39ED66FB26995DC800CDFC9B /* animation WatchKit App.app */,
				39ED670726995DCA00CDFC9B /* animation WatchKit Extension.appex */,
			);
			name = Products;
			sourceTree = "<group>";
		};
		39ED66EE26995DC600CDFC9B /* animation */ = {
			isa = PBXGroup;
			children = (
				39ED66EF26995DC600CDFC9B /* animationApp.swift */,
				39ED66F126995DC600CDFC9B /* ContentView.swift */,
				39ED66F326995DC800CDFC9B /* Assets.xcassets */,
				39ED66F826995DC800CDFC9B /* Info.plist */,
				39ED66F526995DC800CDFC9B /* Preview Content */,
			);
			path = animation;
			sourceTree = "<group>";
		};
		39ED66F526995DC800CDFC9B /* Preview Content */ = {
			isa = PBXGroup;
			children = (
				39ED66F626995DC800CDFC9B /* Preview Assets.xcassets */,
			);
			path = "Preview Content";
			sourceTree = "<group>";
		};
		39ED66FF26995DC800CDFC9B /* animation WatchKit App */ = {
			isa = PBXGroup;
			children = (
				39ED670026995DC900CDFC9B /* Assets.xcassets */,
				39ED670226995DC900CDFC9B /* Info.plist */,
			);
			path = "animation WatchKit App";
			sourceTree = "<group>";
		};
		39ED670B26995DCA00CDFC9B /* animation WatchKit Extension */ = {
			isa = PBXGroup;
			children = (
				39ED670C26995DCA00CDFC9B /* animationApp.swift */,
				39ED670E26995DCA00CDFC9B /* ContentView.swift */,
				39ED671026995DCA00CDFC9B /* NotificationController.swift */,
				39ED671226995DCA00CDFC9B /* NotificationView.swift */,
				39ED671426995DCA00CDFC9B /* ComplicationController.swift */,
				39ED671626995DCB00CDFC9B /* Assets.xcassets */,
				39ED671B26995DCB00CDFC9B /* Info.plist */,
				39ED671C26995DCB00CDFC9B /* PushNotificationPayload.apns */,
				39ED671826995DCB00CDFC9B /* Preview Content */,
			);
			path = "animation WatchKit Extension";
			sourceTree = "<group>";
		};
		39ED671826995DCB00CDFC9B /* Preview Content */ = {
			isa = PBXGroup;
			children = (
				39ED671926995DCB00CDFC9B /* Preview Assets.xcassets */,
			);
			path = "Preview Content";
			sourceTree = "<group>";
		};
/* End PBXGroup section */

/* Begin PBXNativeTarget section */
		39ED66EB26995DC600CDFC9B /* animation */ = {
			isa = PBXNativeTarget;
			buildConfigurationList = 39ED672726995DCB00CDFC9B /* Build configuration list for PBXNativeTarget "animation" */;
			buildPhases = (
				39ED66E826995DC600CDFC9B /* Sources */,
				39ED66E926995DC600CDFC9B /* Frameworks */,
				39ED66EA26995DC600CDFC9B /* Resources */,
				39ED672626995DCB00CDFC9B /* Embed Watch Content */,
			);
			buildRules = (
			);
			dependencies = (
				39ED66FE26995DC800CDFC9B /* PBXTargetDependency */,
			);
			name = animation;
			productName = animation;
			productReference = 39ED66EC26995DC600CDFC9B /* animation.app */;
			productType = "com.apple.product-type.application";
		};
		39ED66FA26995DC800CDFC9B /* animation WatchKit App */ = {
			isa = PBXNativeTarget;
			buildConfigurationList = 39ED672326995DCB00CDFC9B /* Build configuration list for PBXNativeTarget "animation WatchKit App" */;
			buildPhases = (
				39ED66F926995DC800CDFC9B /* Resources */,
				39ED672226995DCB00CDFC9B /* Embed App Extensions */,
			);
			buildRules = (
			);
			dependencies = (
				39ED670A26995DCA00CDFC9B /* PBXTargetDependency */,
			);
			name = "animation WatchKit App";
			productName = "animation WatchKit App";
			productReference = 39ED66FB26995DC800CDFC9B /* animation WatchKit App.app */;
			productType = "com.apple.product-type.application.watchapp2";
		};
		39ED670626995DCA00CDFC9B /* animation WatchKit Extension */ = {
			isa = PBXNativeTarget;
			buildConfigurationList = 39ED671F26995DCB00CDFC9B /* Build configuration list for PBXNativeTarget "animation WatchKit Extension" */;
			buildPhases = (
				39ED670326995DCA00CDFC9B /* Sources */,
				39ED670426995DCA00CDFC9B /* Frameworks */,
				39ED670526995DCA00CDFC9B /* Resources */,
			);
			buildRules = (
			);
			dependencies = (
			);
			name = "animation WatchKit Extension";
			productName = "animation WatchKit Extension";
			productReference = 39ED670726995DCA00CDFC9B /* animation WatchKit Extension.appex */;
			productType = "com.apple.product-type.watchkit2-extension";
		};
/* End PBXNativeTarget section */

/* Begin PBXProject section */
		39ED66E426995DC600CDFC9B /* Project object */ = {
			isa = PBXProject;
			attributes = {
				LastSwiftUpdateCheck = 1250;
				LastUpgradeCheck = 1250;
				TargetAttributes = {
					39ED66EB26995DC600CDFC9B = {
						CreatedOnToolsVersion = 12.5.1;
					};
					39ED66FA26995DC800CDFC9B = {
						CreatedOnToolsVersion = 12.5.1;
					};
					39ED670626995DCA00CDFC9B = {
						CreatedOnToolsVersion = 12.5.1;
					};
				};
			};
			buildConfigurationList = 39ED66E726995DC600CDFC9B /* Build configuration list for PBXProject "animation" */;
			compatibilityVersion = "Xcode 9.3";
			developmentRegion = en;
			hasScannedForEncodings = 0;
			knownRegions = (
				en,
				Base,
			);
			mainGroup = 39ED66E326995DC600CDFC9B;
			productRefGroup = 39ED66ED26995DC600CDFC9B /* Products */;
			projectDirPath = "";
			projectRoot = "";
			targets = (
				39ED66EB26995DC600CDFC9B /* animation */,
				39ED66FA26995DC800CDFC9B /* animation WatchKit App */,
				39ED670626995DCA00CDFC9B /* animation WatchKit Extension */,
			);
		};
/* End PBXProject section */

/* Begin PBXResourcesBuildPhase section */
		39ED66EA26995DC600CDFC9B /* Resources */ = {
			isa = PBXResourcesBuildPhase;
			buildActionMask = 2147483647;
			files = (
				39ED66F726995DC800CDFC9B /* Preview Assets.xcassets in Resources */,
				39ED66F426995DC800CDFC9B /* Assets.xcassets in Resources */,
			);
			runOnlyForDeploymentPostprocessing = 0;
		};
		39ED66F926995DC800CDFC9B /* Resources */ = {
			isa = PBXResourcesBuildPhase;
			buildActionMask = 2147483647;
			files = (
				39ED670126995DC900CDFC9B /* Assets.xcassets in Resources */,
			);
			runOnlyForDeploymentPostprocessing = 0;
		};
		39ED670526995DCA00CDFC9B /* Resources */ = {
			isa = PBXResourcesBuildPhase;
			buildActionMask = 2147483647;
			files = (
				39ED671A26995DCB00CDFC9B /* Preview Assets.xcassets in Resources */,
				39ED671726995DCB00CDFC9B /* Assets.xcassets in Resources */,
			);
			runOnlyForDeploymentPostprocessing = 0;
		};
/* End PBXResourcesBuildPhase section */

/* Begin PBXSourcesBuildPhase section */
		39ED66E826995DC600CDFC9B /* Sources */ = {
			isa = PBXSourcesBuildPhase;
			buildActionMask = 2147483647;
			files = (
				39ED66F226995DC600CDFC9B /* ContentView.swift in Sources */,
				39ED66F026995DC600CDFC9B /* animationApp.swift in Sources */,
			);
			runOnlyForDeploymentPostprocessing = 0;
		};
		39ED670326995DCA00CDFC9B /* Sources */ = {
			isa = PBXSourcesBuildPhase;
			buildActionMask = 2147483647;
			files = (
				39ED671126995DCA00CDFC9B /* NotificationController.swift in Sources */,
				39ED670F26995DCA00CDFC9B /* ContentView.swift in Sources */,
				39ED671526995DCA00CDFC9B /* ComplicationController.swift in Sources */,
				39ED670D26995DCA00CDFC9B /* animationApp.swift in Sources */,
				39ED671326995DCA00CDFC9B /* NotificationView.swift in Sources */,
			);
			runOnlyForDeploymentPostprocessing = 0;
		};
/* End PBXSourcesBuildPhase section */

/* Begin PBXTargetDependency section */
		39ED66FE26995DC800CDFC9B /* PBXTargetDependency */ = {
			isa = PBXTargetDependency;
			target = 39ED66FA26995DC800CDFC9B /* animation WatchKit App */;
			targetProxy = 39ED66FD26995DC800CDFC9B /* PBXContainerItemProxy */;
		};
		39ED670A26995DCA00CDFC9B /* PBXTargetDependency */ = {
			isa = PBXTargetDependency;
			target = 39ED670626995DCA00CDFC9B /* animation WatchKit Extension */;
			targetProxy = 39ED670926995DCA00CDFC9B /* PBXContainerItemProxy */;
		};
/* End PBXTargetDependency section */

/* Begin XCBuildConfiguration section */
		39ED671D26995DCB00CDFC9B /* Debug */ = {
			isa = XCBuildConfiguration;
			buildSettings = {
				ALWAYS_SEARCH_USER_PATHS = NO;
				CLANG_ANALYZER_NONNULL = YES;
				CLANG_ANALYZER_NUMBER_OBJECT_CONVERSION = YES_AGGRESSIVE;
				CLANG_CXX_LANGUAGE_STANDARD = "gnu++14";
				CLANG_CXX_LIBRARY = "libc++";
				CLANG_ENABLE_MODULES = YES;
				CLANG_ENABLE_OBJC_ARC = YES;
				CLANG_ENABLE_OBJC_WEAK = YES;
				CLANG_WARN_BLOCK_CAPTURE_AUTORELEASING = YES;
				CLANG_WARN_BOOL_CONVERSION = YES;
				CLANG_WARN_COMMA = YES;
				CLANG_WARN_CONSTANT_CONVERSION = YES;
				CLANG_WARN_DEPRECATED_OBJC_IMPLEMENTATIONS = YES;
				CLANG_WARN_DIRECT_OBJC_ISA_USAGE = YES_ERROR;
				CLANG_WARN_DOCUMENTATION_COMMENTS = YES;
				CLANG_WARN_EMPTY_BODY = YES;
				CLANG_WARN_ENUM_CONVERSION = YES;
				CLANG_WARN_INFINITE_RECURSION = YES;
				CLANG_WARN_INT_CONVERSION = YES;
				CLANG_WARN_NON_LITERAL_NULL_CONVERSION = YES;
				CLANG_WARN_OBJC_IMPLICIT_RETAIN_SELF = YES;
				CLANG_WARN_OBJC_LITERAL_CONVERSION = YES;
				CLANG_WARN_OBJC_ROOT_CLASS = YES_ERROR;
				CLANG_WARN_QUOTED_INCLUDE_IN_FRAMEWORK_HEADER = YES;
				CLANG_WARN_RANGE_LOOP_ANALYSIS = YES;
				CLANG_WARN_STRICT_PROTOTYPES = YES;
				CLANG_WARN_SUSPICIOUS_MOVE = YES;
				CLANG_WARN_UNGUARDED_AVAILABILITY = YES_AGGRESSIVE;
				CLANG_WARN_UNREACHABLE_CODE = YES;
				CLANG_WARN__DUPLICATE_METHOD_MATCH = YES;
				COPY_PHASE_STRIP = NO;
				DEBUG_INFORMATION_FORMAT = dwarf;
				ENABLE_STRICT_OBJC_MSGSEND = YES;
				ENABLE_TESTABILITY = YES;
				GCC_C_LANGUAGE_STANDARD = gnu11;
				GCC_DYNAMIC_NO_PIC = NO;
				GCC_NO_COMMON_BLOCKS = YES;
				GCC_OPTIMIZATION_LEVEL = 0;
				GCC_PREPROCESSOR_DEFINITIONS = (
					"DEBUG=1",
					"$(inherited)",
				);
				GCC_WARN_64_TO_32_BIT_CONVERSION = YES;
				GCC_WARN_ABOUT_RETURN_TYPE = YES_ERROR;
				GCC_WARN_UNDECLARED_SELECTOR = YES;
				GCC_WARN_UNINITIALIZED_AUTOS = YES_AGGRESSIVE;
				GCC_WARN_UNUSED_FUNCTION = YES;
				GCC_WARN_UNUSED_VARIABLE = YES;
				MTL_ENABLE_DEBUG_INFO = INCLUDE_SOURCE;
				MTL_FAST_MATH = YES;
				ONLY_ACTIVE_ARCH = YES;
				SWIFT_ACTIVE_COMPILATION_CONDITIONS = DEBUG;
				SWIFT_OPTIMIZATION_LEVEL = "-Onone";
			};
			name = Debug;
		};
		39ED671E26995DCB00CDFC9B /* Release */ = {
			isa = XCBuildConfiguration;
			buildSettings = {
				ALWAYS_SEARCH_USER_PATHS = NO;
				CLANG_ANALYZER_NONNULL = YES;
				CLANG_ANALYZER_NUMBER_OBJECT_CONVERSION = YES_AGGRESSIVE;
				CLANG_CXX_LANGUAGE_STANDARD = "gnu++14";
				CLANG_CXX_LIBRARY = "libc++";
				CLANG_ENABLE_MODULES = YES;
				CLANG_ENABLE_OBJC_ARC = YES;
				CLANG_ENABLE_OBJC_WEAK = YES;
				CLANG_WARN_BLOCK_CAPTURE_AUTORELEASING = YES;
				CLANG_WARN_BOOL_CONVERSION = YES;
				CLANG_WARN_COMMA = YES;
				CLANG_WARN_CONSTANT_CONVERSION = YES;
				CLANG_WARN_DEPRECATED_OBJC_IMPLEMENTATIONS = YES;
				CLANG_WARN_DIRECT_OBJC_ISA_USAGE = YES_ERROR;
				CLANG_WARN_DOCUMENTATION_COMMENTS = YES;
				CLANG_WARN_EMPTY_BODY = YES;
				CLANG_WARN_ENUM_CONVERSION = YES;
				CLANG_WARN_INFINITE_RECURSION = YES;
				CLANG_WARN_INT_CONVERSION = YES;
				CLANG_WARN_NON_LITERAL_NULL_CONVERSION = YES;
				CLANG_WARN_OBJC_IMPLICIT_RETAIN_SELF = YES;
				CLANG_WARN_OBJC_LITERAL_CONVERSION = YES;
				CLANG_WARN_OBJC_ROOT_CLASS = YES_ERROR;
				CLANG_WARN_QUOTED_INCLUDE_IN_FRAMEWORK_HEADER = YES;
				CLANG_WARN_RANGE_LOOP_ANALYSIS = YES;
				CLANG_WARN_STRICT_PROTOTYPES = YES;
				CLANG_WARN_SUSPICIOUS_MOVE = YES;
				CLANG_WARN_UNGUARDED_AVAILABILITY = YES_AGGRESSIVE;
				CLANG_WARN_UNREACHABLE_CODE = YES;
				CLANG_WARN__DUPLICATE_METHOD_MATCH = YES;
				COPY_PHASE_STRIP = NO;
				DEBUG_INFORMATION_FORMAT = "dwarf-with-dsym";
				ENABLE_NS_ASSERTIONS = NO;
				ENABLE_STRICT_OBJC_MSGSEND = YES;
				GCC_C_LANGUAGE_STANDARD = gnu11;
				GCC_NO_COMMON_BLOCKS = YES;
				GCC_WARN_64_TO_32_BIT_CONVERSION = YES;
				GCC_WARN_ABOUT_RETURN_TYPE = YES_ERROR;
				GCC_WARN_UNDECLARED_SELECTOR = YES;
				GCC_WARN_UNINITIALIZED_AUTOS = YES_AGGRESSIVE;
				GCC_WARN_UNUSED_FUNCTION = YES;
				GCC_WARN_UNUSED_VARIABLE = YES;
				MTL_ENABLE_DEBUG_INFO = NO;
				MTL_FAST_MATH = YES;
				SWIFT_COMPILATION_MODE = wholemodule;
				SWIFT_OPTIMIZATION_LEVEL = "-O";
			};
			name = Release;
		};
		39ED672026995DCB00CDFC9B /* Debug */ = {
			isa = XCBuildConfiguration;
			buildSettings = {
				ASSETCATALOG_COMPILER_COMPLICATION_NAME = Complication;
				CODE_SIGN_STYLE = Automatic;
				DEVELOPMENT_ASSET_PATHS = "\"animation WatchKit Extension/Preview Content\"";
				DEVELOPMENT_TEAM = WR5H634DWJ;
				ENABLE_PREVIEWS = YES;
				INFOPLIST_FILE = "animation WatchKit Extension/Info.plist";
				LD_RUNPATH_SEARCH_PATHS = (
					"$(inherited)",
					"@executable_path/Frameworks",
					"@executable_path/../../Frameworks",
				);
				PRODUCT_BUNDLE_IDENTIFIER = com.rutik1413.animation.watchkitapp.watchkitextension;
				PRODUCT_NAME = "${TARGET_NAME}";
				SDKROOT = watchos;
				SKIP_INSTALL = YES;
				SWIFT_VERSION = 5.0;
				TARGETED_DEVICE_FAMILY = 4;
				WATCHOS_DEPLOYMENT_TARGET = 7.4;
			};
			name = Debug;
		};
		39ED672126995DCB00CDFC9B /* Release */ = {
			isa = XCBuildConfiguration;
			buildSettings = {
				ASSETCATALOG_COMPILER_COMPLICATION_NAME = Complication;
				CODE_SIGN_STYLE = Automatic;
				DEVELOPMENT_ASSET_PATHS = "\"animation WatchKit Extension/Preview Content\"";
				DEVELOPMENT_TEAM = WR5H634DWJ;
				ENABLE_PREVIEWS = YES;
				INFOPLIST_FILE = "animation WatchKit Extension/Info.plist";
				LD_RUNPATH_SEARCH_PATHS = (
					"$(inherited)",
					"@executable_path/Frameworks",
					"@executable_path/../../Frameworks",
				);
				PRODUCT_BUNDLE_IDENTIFIER = com.rutik1413.animation.watchkitapp.watchkitextension;
				PRODUCT_NAME = "${TARGET_NAME}";
				SDKROOT = watchos;
				SKIP_INSTALL = YES;
				SWIFT_VERSION = 5.0;
				TARGETED_DEVICE_FAMILY = 4;
				VALIDATE_PRODUCT = YES;
				WATCHOS_DEPLOYMENT_TARGET = 7.4;
			};
			name = Release;
		};
		39ED672426995DCB00CDFC9B /* Debug */ = {
			isa = XCBuildConfiguration;
			buildSettings = {
				ALWAYS_EMBED_SWIFT_STANDARD_LIBRARIES = YES;
				ASSETCATALOG_COMPILER_APPICON_NAME = AppIcon;
				ASSETCATALOG_COMPILER_GLOBAL_ACCENT_COLOR_NAME = AccentColor;
				CODE_SIGN_STYLE = Automatic;
				DEVELOPMENT_TEAM = WR5H634DWJ;
				IBSC_MODULE = animation_WatchKit_Extension;
				INFOPLIST_FILE = "animation WatchKit App/Info.plist";
				PRODUCT_BUNDLE_IDENTIFIER = com.rutik1413.animation.watchkitapp;
				PRODUCT_NAME = "$(TARGET_NAME)";
				SDKROOT = watchos;
				SKIP_INSTALL = YES;
				SWIFT_VERSION = 5.0;
				TARGETED_DEVICE_FAMILY = 4;
				WATCHOS_DEPLOYMENT_TARGET = 7.4;
			};
			name = Debug;
		};
		39ED672526995DCB00CDFC9B /* Release */ = {
			isa = XCBuildConfiguration;
			buildSettings = {
				ALWAYS_EMBED_SWIFT_STANDARD_LIBRARIES = YES;
				ASSETCATALOG_COMPILER_APPICON_NAME = AppIcon;
				ASSETCATALOG_COMPILER_GLOBAL_ACCENT_COLOR_NAME = AccentColor;
				CODE_SIGN_STYLE = Automatic;
				DEVELOPMENT_TEAM = WR5H634DWJ;
				IBSC_MODULE = animation_WatchKit_Extension;
				INFOPLIST_FILE = "animation WatchKit App/Info.plist";
				PRODUCT_BUNDLE_IDENTIFIER = com.rutik1413.animation.watchkitapp;
				PRODUCT_NAME = "$(TARGET_NAME)";
				SDKROOT = watchos;
				SKIP_INSTALL = YES;
				SWIFT_VERSION = 5.0;
				TARGETED_DEVICE_FAMILY = 4;
				VALIDATE_PRODUCT = YES;
				WATCHOS_DEPLOYMENT_TARGET = 7.4;
			};
			name = Release;
		};
		39ED672826995DCB00CDFC9B /* Debug */ = {
			isa = XCBuildConfiguration;
			buildSettings = {
				ASSETCATALOG_COMPILER_APPICON_NAME = AppIcon;
				ASSETCATALOG_COMPILER_GLOBAL_ACCENT_COLOR_NAME = AccentColor;
				CODE_SIGN_STYLE = Automatic;
				DEVELOPMENT_ASSET_PATHS = "\"animation/Preview Content\"";
				DEVELOPMENT_TEAM = WR5H634DWJ;
				ENABLE_PREVIEWS = YES;
				INFOPLIST_FILE = animation/Info.plist;
				IPHONEOS_DEPLOYMENT_TARGET = 14.5;
				LD_RUNPATH_SEARCH_PATHS = (
					"$(inherited)",
					"@executable_path/Frameworks",
				);
				PRODUCT_BUNDLE_IDENTIFIER = com.rutik1413.animation;
				PRODUCT_NAME = "$(TARGET_NAME)";
				SDKROOT = iphoneos;
				SWIFT_VERSION = 5.0;
				TARGETED_DEVICE_FAMILY = "1,2";
			};
			name = Debug;
		};
		39ED672926995DCB00CDFC9B /* Release */ = {
			isa = XCBuildConfiguration;
			buildSettings = {
				ASSETCATALOG_COMPILER_APPICON_NAME = AppIcon;
				ASSETCATALOG_COMPILER_GLOBAL_ACCENT_COLOR_NAME = AccentColor;
				CODE_SIGN_STYLE = Automatic;
				DEVELOPMENT_ASSET_PATHS = "\"animation/Preview Content\"";
				DEVELOPMENT_TEAM = WR5H634DWJ;
				ENABLE_PREVIEWS = YES;
				INFOPLIST_FILE = animation/Info.plist;
				IPHONEOS_DEPLOYMENT_TARGET = 14.5;
				LD_RUNPATH_SEARCH_PATHS = (
					"$(inherited)",
					"@executable_path/Frameworks",
				);
				PRODUCT_BUNDLE_IDENTIFIER = com.rutik1413.animation;
				PRODUCT_NAME = "$(TARGET_NAME)";
				SDKROOT = iphoneos;
				SWIFT_VERSION = 5.0;
				TARGETED_DEVICE_FAMILY = "1,2";
				VALIDATE_PRODUCT = YES;
			};
			name = Release;
		};
/* End XCBuildConfiguration section */

/* Begin XCConfigurationList section */
		39ED66E726995DC600CDFC9B /* Build configuration list for PBXProject "animation" */ = {
			isa = XCConfigurationList;
			buildConfigurations = (
				39ED671D26995DCB00CDFC9B /* Debug */,
				39ED671E26995DCB00CDFC9B /* Release */,
			);
			defaultConfigurationIsVisible = 0;
			defaultConfigurationName = Release;
		};
		39ED671F26995DCB00CDFC9B /* Build configuration list for PBXNativeTarget "animation WatchKit Extension" */ = {
			isa = XCConfigurationList;
			buildConfigurations = (
				39ED672026995DCB00CDFC9B /* Debug */,
				39ED672126995DCB00CDFC9B /* Release */,
			);
			defaultConfigurationIsVisible = 0;
			defaultConfigurationName = Release;
		};
		39ED672326995DCB00CDFC9B /* Build configuration list for PBXNativeTarget "animation WatchKit App" */ = {
			isa = XCConfigurationList;
			buildConfigurations = (
				39ED672426995DCB00CDFC9B /* Debug */,
				39ED672526995DCB00CDFC9B /* Release */,
			);
			defaultConfigurationIsVisible = 0;
			defaultConfigurationName = Release;
		};
		39ED672726995DCB00CDFC9B /* Build configuration list for PBXNativeTarget "animation" */ = {
			isa = XCConfigurationList;
			buildConfigurations = (
				39ED672826995DCB00CDFC9B /* Debug */,
				39ED672926995DCB00CDFC9B /* Release */,
			);
			defaultConfigurationIsVisible = 0;
			defaultConfigurationName = Release;
		};
/* End XCConfigurationList section */
	};
	rootObject = 39ED66E426995DC600CDFC9B /* Project object */;
}
